
Microsoft Visual Studio Solution File, Format Version 12.00
# Visual Studio Version 16
VisualStudioVersion = 16.0.29613.14
MinimumVisualStudioVersion = 10.0.40219.1
Project("{FAE04EC0-301F-11D3-BF4B-00C04F79EFBC}") = "ClassAssignment", "ClassAssignment\ClassAssignment.csproj", "{BFCD5B43-E559-4314-BF92-2589BAEABB0F}"
EndProject
Global
	GlobalSection(SolutionConfigurationPlatforms) = preSolution
		Debug|Any CPU = Debug|Any CPU
		Release|Any CPU = Release|Any CPU
	EndGlobalSection
	GlobalSection(ProjectConfigurationPlatforms) = postSolution
		{BFCD5B43-E559-4314-BF92-2589BAEABB0F}.Debug|Any CPU.ActiveCfg = Debug|Any CPU
		{BFCD5B43-E559-4314-BF92-2589BAEABB0F}.Debug|Any CPU.Build.0 = Debug|Any CPU
		{BFCD5B43-E559-4314-BF92-2589BAEABB0F}.Release|Any CPU.ActiveCfg = Release|Any CPU
		{BFCD5B43-E559-4314-BF92-2589BAEABB0F}.Release|Any CPU.Build.0 = Release|Any CPU
	EndGlobalSection
	GlobalSection(SolutionProperties) = preSolution
		HideSolutionNode = FALSE
	EndGlobalSection
	GlobalSection(ExtensibilityGlobals) = postSolution
		SolutionGuid = {DD19FFD6-3E1E-41DF-948C-74BF004C3E17}
	EndGlobalSection
EndGlobal
